
Microsoft Visual Studio Solution File, Format Version 11.00
# Visual Studio 2010
Project("{8BC9CEB8-8B4A-11D0-8D11-00A0C91BC942}") = "Pinger", "Pinger\Pinger.vcxproj", "{ACC3E951-7D01-44F4-AFC0-BBC18A71185C}"
EndProject
Global
	GlobalSection(SolutionConfigurationPlatforms) = preSolution
		Debug|Win32 = Debug|Win32
		Release|Win32 = Release|Win32
	EndGlobalSection
	GlobalSection(ProjectConfigurationPlatforms) = postSolution
		{ACC3E951-7D01-44F4-AFC0-BBC18A71185C}.Debug|Win32.ActiveCfg = Debug|Win32
		{ACC3E951-7D01-44F4-AFC0-BBC18A71185C}.Debug|Win32.Build.0 = Debug|Win32
		{ACC3E951-7D01-44F4-AFC0-BBC18A71185C}.Release|Win32.ActiveCfg = Release|Win32
		{ACC3E951-7D01-44F4-AFC0-BBC18A71185C}.Release|Win32.Build.0 = Release|Win32
	EndGlobalSection
	GlobalSection(SolutionProperties) = preSolution
		HideSolutionNode = FALSE
	EndGlobalSection
EndGlobal
